{
  "originHash" : "da66429c856f579c8b7e074ca697a126e47b688d94f113065ba8ee26fe420304",
  "pins" : [
    {
      "identity" : "mirror-swallow",
      "kind" : "remoteSourceControl",
      "location" : "https://github.com/isanf-terra/mirror-swallow.git",
      "state" : {
        "branch" : "main",
        "revision" : "026281e083f3b6790962d6704e1008e555845b84"
      }
    },
    {
      "identity" : "swift-atomics",
      "kind" : "remoteSourceControl",
      "location" : "https://github.com/apple/swift-atomics.git",
      "state" : {
        "revision" : "cd142fd2f64be2100422d658e7411e39489da985",
        "version" : "1.2.0"
      }
    },
    {
      "identity" : "swift-collections",
      "kind" : "remoteSourceControl",
      "location" : "https://github.com/apple/swift-collections",
      "state" : {
        "revision" : "c1805596154bb3a265fd91b8ac0c4433b4348fb0",
        "version" : "1.2.0"
      }
    },
    {
      "identity" : "swift-syntax",
      "kind" : "remoteSourceControl",
      "location" : "https://github.com/swiftlang/swift-syntax.git",
      "state" : {
        "revision" : "0687f71944021d616d34d922343dcef086855920",
        "version" : "600.0.1"
      }
    }
  ],
  "version" : 3
}
